
Microsoft Visual Studio Solution File, Format Version 12.00
# Visual Studio 2013
VisualStudioVersion = 12.0.21005.1
MinimumVisualStudioVersion = 10.0.40219.1
Project("{2150E333-8FDC-42A3-9474-1A3956D46DE8}") = "SampleLibraries", "SampleLibraries", "{79EADC28-EB76-4A1E-879E-26AB8FDAF360}"
EndProject
Project("{2150E333-8FDC-42A3-9474-1A3956D46DE8}") = "Stack", "Stack", "{3B26E839-E086-4822-BBC0-DA6208581A70}"
EndProject
Project("{FAE04EC0-301F-11D3-BF4B-00C04F79EFBC}") = "UA Configuration Tool", "ConfigurationTool\Application\UA Configuration Tool.csproj", "{15014A4F-617F-436E-AC23-3048BA20D428}"
EndProject
Project("{FAE04EC0-301F-11D3-BF4B-00C04F79EFBC}") = "UA Configuration Console", "ConfigurationTool\Console\UA Configuration Console.csproj", "{D4A18607-6316-40A4-A1DE-5FDC75646AAC}"
EndProject
Project("{FAE04EC0-301F-11D3-BF4B-00C04F79EFBC}") = "UA Core Library", "Stack\Core\UA Core Library.csproj", "{7543AFCB-F5AF-44AF-83C9-23164474C1E9}"
EndProject
Project("{FAE04EC0-301F-11D3-BF4B-00C04F79EFBC}") = "UA Configuration Library", "SampleApplications\SampleLibraries\Configuration\UA Configuration Library.csproj", "{8AB4CB8E-E216-425D-B600-350D0B6B59CD}"
EndProject
Project("{FAE04EC0-301F-11D3-BF4B-00C04F79EFBC}") = "UA Client Library", "SampleApplications\SampleLibraries\Client\UA Client Library.csproj", "{42E9198C-ED2C-4BC8-B0A1-55D91D8F1E90}"
EndProject
Project("{FAE04EC0-301F-11D3-BF4B-00C04F79EFBC}") = "UA Client Controls", "SampleApplications\SampleLibraries\Controls\UA Client Controls.csproj", "{A247D2EE-14FC-463D-A9BA-6CFF1EF22B7A}"
EndProject
Global
	GlobalSection(SolutionConfigurationPlatforms) = preSolution
		Debug|Any CPU = Debug|Any CPU
		Release|Any CPU = Release|Any CPU
	EndGlobalSection
	GlobalSection(ProjectConfigurationPlatforms) = postSolution
		{15014A4F-617F-436E-AC23-3048BA20D428}.Debug|Any CPU.ActiveCfg = Debug|Any CPU
		{15014A4F-617F-436E-AC23-3048BA20D428}.Debug|Any CPU.Build.0 = Debug|Any CPU
		{15014A4F-617F-436E-AC23-3048BA20D428}.Release|Any CPU.ActiveCfg = Release|Any CPU
		{15014A4F-617F-436E-AC23-3048BA20D428}.Release|Any CPU.Build.0 = Release|Any CPU
		{D4A18607-6316-40A4-A1DE-5FDC75646AAC}.Debug|Any CPU.ActiveCfg = Debug|Any CPU
		{D4A18607-6316-40A4-A1DE-5FDC75646AAC}.Debug|Any CPU.Build.0 = Debug|Any CPU
		{D4A18607-6316-40A4-A1DE-5FDC75646AAC}.Release|Any CPU.ActiveCfg = Release|Any CPU
		{D4A18607-6316-40A4-A1DE-5FDC75646AAC}.Release|Any CPU.Build.0 = Release|Any CPU
		{7543AFCB-F5AF-44AF-83C9-23164474C1E9}.Debug|Any CPU.ActiveCfg = Debug|Any CPU
		{7543AFCB-F5AF-44AF-83C9-23164474C1E9}.Debug|Any CPU.Build.0 = Debug|Any CPU
		{7543AFCB-F5AF-44AF-83C9-23164474C1E9}.Release|Any CPU.ActiveCfg = Release|Any CPU
		{7543AFCB-F5AF-44AF-83C9-23164474C1E9}.Release|Any CPU.Build.0 = Release|Any CPU
		{8AB4CB8E-E216-425D-B600-350D0B6B59CD}.Debug|Any CPU.ActiveCfg = Debug|Any CPU
		{8AB4CB8E-E216-425D-B600-350D0B6B59CD}.Debug|Any CPU.Build.0 = Debug|Any CPU
		{8AB4CB8E-E216-425D-B600-350D0B6B59CD}.Release|Any CPU.ActiveCfg = Release|Any CPU
		{8AB4CB8E-E216-425D-B600-350D0B6B59CD}.Release|Any CPU.Build.0 = Release|Any CPU
		{42E9198C-ED2C-4BC8-B0A1-55D91D8F1E90}.Debug|Any CPU.ActiveCfg = Debug|Any CPU
		{42E9198C-ED2C-4BC8-B0A1-55D91D8F1E90}.Debug|Any CPU.Build.0 = Debug|Any CPU
		{42E9198C-ED2C-4BC8-B0A1-55D91D8F1E90}.Release|Any CPU.ActiveCfg = Release|Any CPU
		{42E9198C-ED2C-4BC8-B0A1-55D91D8F1E90}.Release|Any CPU.Build.0 = Release|Any CPU
		{A247D2EE-14FC-463D-A9BA-6CFF1EF22B7A}.Debug|Any CPU.ActiveCfg = Debug|Any CPU
		{A247D2EE-14FC-463D-A9BA-6CFF1EF22B7A}.Debug|Any CPU.Build.0 = Debug|Any CPU
		{A247D2EE-14FC-463D-A9BA-6CFF1EF22B7A}.Release|Any CPU.ActiveCfg = Release|Any CPU
		{A247D2EE-14FC-463D-A9BA-6CFF1EF22B7A}.Release|Any CPU.Build.0 = Release|Any CPU
	EndGlobalSection
	GlobalSection(SolutionProperties) = preSolution
		HideSolutionNode = FALSE
	EndGlobalSection
	GlobalSection(NestedProjects) = preSolution
		{8AB4CB8E-E216-425D-B600-350D0B6B59CD} = {79EADC28-EB76-4A1E-879E-26AB8FDAF360}
		{42E9198C-ED2C-4BC8-B0A1-55D91D8F1E90} = {79EADC28-EB76-4A1E-879E-26AB8FDAF360}
		{A247D2EE-14FC-463D-A9BA-6CFF1EF22B7A} = {79EADC28-EB76-4A1E-879E-26AB8FDAF360}
		{7543AFCB-F5AF-44AF-83C9-23164474C1E9} = {3B26E839-E086-4822-BBC0-DA6208581A70}
	EndGlobalSection
EndGlobal
