
Microsoft Visual Studio Solution File, Format Version 12.00
# Visual Studio 2013
VisualStudioVersion = 12.0.21005.1
MinimumVisualStudioVersion = 10.0.40219.1
Project("{2150E333-8FDC-42A3-9474-1A3956D46DE8}") = "Samples", "Samples", "{A579C6F2-2C5F-4176-BEAE-0D1BD0750375}"
EndProject
Project("{2150E333-8FDC-42A3-9474-1A3956D46DE8}") = "SampleLibraries", "SampleLibraries", "{04A2AED8-1959-43CD-BCC1-B25F43D9C91D}"
EndProject
Project("{2150E333-8FDC-42A3-9474-1A3956D46DE8}") = "Stack", "Stack", "{F8ADA46B-F2EA-42D3-8860-06D9333E57E0}"
EndProject
Project("{FAE04EC0-301F-11D3-BF4B-00C04F79EFBC}") = "UA Sample Client", "SampleApplications\Samples\Client\UA Sample Client.csproj", "{D7601329-530D-4537-B9B9-D9D53D5F81F6}"
EndProject
Project("{FAE04EC0-301F-11D3-BF4B-00C04F79EFBC}") = "UA Sample Library", "SampleApplications\Samples\Common\UA Sample Library.csproj", "{5A647CC0-5FD8-476B-8C14-8A9CED9CF5BE}"
EndProject
Project("{FAE04EC0-301F-11D3-BF4B-00C04F79EFBC}") = "UA Sample Controls", "SampleApplications\Samples\Controls\UA Sample Controls.csproj", "{92AE819B-4938-4502-AC32-67063F9893CD}"
EndProject
Project("{FAE04EC0-301F-11D3-BF4B-00C04F79EFBC}") = "UA History Client", "SampleApplications\Samples\HistoryClient\UA History Client.csproj", "{F5E8F2E9-CE85-489F-87D7-523060BCF823}"
EndProject
Project("{FAE04EC0-301F-11D3-BF4B-00C04F79EFBC}") = "UA Network Tester", "SampleApplications\Samples\NetworkTester\UA Network Tester.csproj", "{D71697DF-05D4-481A-B320-D2398F2192C3}"
EndProject
Project("{FAE04EC0-301F-11D3-BF4B-00C04F79EFBC}") = "UA Sample Server", "SampleApplications\Samples\Server\UA Sample Server.csproj", "{B109EBAE-BB08-40A7-BB9E-7E56B9151B17}"
EndProject
Project("{FAE04EC0-301F-11D3-BF4B-00C04F79EFBC}") = "UA Server Test Tool", "SampleApplications\Samples\ServerTest\UA Server Test Tool.csproj", "{1B5BADAA-EA40-47B0-A4BF-C5D39FB237EC}"
EndProject
Project("{FAE04EC0-301F-11D3-BF4B-00C04F79EFBC}") = "UA Client Library", "SampleApplications\SampleLibraries\Client\UA Client Library.csproj", "{42E9198C-ED2C-4BC8-B0A1-55D91D8F1E90}"
EndProject
Project("{FAE04EC0-301F-11D3-BF4B-00C04F79EFBC}") = "UA Configuration Library", "SampleApplications\SampleLibraries\Configuration\UA Configuration Library.csproj", "{8AB4CB8E-E216-425D-B600-350D0B6B59CD}"
EndProject
Project("{FAE04EC0-301F-11D3-BF4B-00C04F79EFBC}") = "UA Client Controls", "SampleApplications\SampleLibraries\Controls\UA Client Controls.csproj", "{A247D2EE-14FC-463D-A9BA-6CFF1EF22B7A}"
EndProject
Project("{FAE04EC0-301F-11D3-BF4B-00C04F79EFBC}") = "UA Server Library", "SampleApplications\SampleLibraries\Server\UA Server Library.csproj", "{E16F908B-C338-4B0C-9E72-2ADAD8FB98D5}"
EndProject
Project("{FAE04EC0-301F-11D3-BF4B-00C04F79EFBC}") = "UA Core Library", "Stack\Core\UA Core Library.csproj", "{7543AFCB-F5AF-44AF-83C9-23164474C1E9}"
EndProject
Project("{FAE04EC0-301F-11D3-BF4B-00C04F79EFBC}") = "Opc.Ua.Publisher", "SampleApplications\Samples\Publisher\Opc.Ua.Publisher.csproj", "{C2A3557B-CC0B-4291-8AAE-2C7FF44833E9}"
EndProject
Global
	GlobalSection(SolutionConfigurationPlatforms) = preSolution
		Debug|Any CPU = Debug|Any CPU
		Release|Any CPU = Release|Any CPU
	EndGlobalSection
	GlobalSection(ProjectConfigurationPlatforms) = postSolution
		{D7601329-530D-4537-B9B9-D9D53D5F81F6}.Debug|Any CPU.ActiveCfg = Debug|Any CPU
		{D7601329-530D-4537-B9B9-D9D53D5F81F6}.Debug|Any CPU.Build.0 = Debug|Any CPU
		{D7601329-530D-4537-B9B9-D9D53D5F81F6}.Release|Any CPU.ActiveCfg = Release|Any CPU
		{D7601329-530D-4537-B9B9-D9D53D5F81F6}.Release|Any CPU.Build.0 = Release|Any CPU
		{5A647CC0-5FD8-476B-8C14-8A9CED9CF5BE}.Debug|Any CPU.ActiveCfg = Debug|Any CPU
		{5A647CC0-5FD8-476B-8C14-8A9CED9CF5BE}.Debug|Any CPU.Build.0 = Debug|Any CPU
		{5A647CC0-5FD8-476B-8C14-8A9CED9CF5BE}.Release|Any CPU.ActiveCfg = Release|Any CPU
		{5A647CC0-5FD8-476B-8C14-8A9CED9CF5BE}.Release|Any CPU.Build.0 = Release|Any CPU
		{92AE819B-4938-4502-AC32-67063F9893CD}.Debug|Any CPU.ActiveCfg = Debug|Any CPU
		{92AE819B-4938-4502-AC32-67063F9893CD}.Debug|Any CPU.Build.0 = Debug|Any CPU
		{92AE819B-4938-4502-AC32-67063F9893CD}.Release|Any CPU.ActiveCfg = Release|Any CPU
		{92AE819B-4938-4502-AC32-67063F9893CD}.Release|Any CPU.Build.0 = Release|Any CPU
		{F5E8F2E9-CE85-489F-87D7-523060BCF823}.Debug|Any CPU.ActiveCfg = Debug|Any CPU
		{F5E8F2E9-CE85-489F-87D7-523060BCF823}.Debug|Any CPU.Build.0 = Debug|Any CPU
		{F5E8F2E9-CE85-489F-87D7-523060BCF823}.Release|Any CPU.ActiveCfg = Release|Any CPU
		{F5E8F2E9-CE85-489F-87D7-523060BCF823}.Release|Any CPU.Build.0 = Release|Any CPU
		{D71697DF-05D4-481A-B320-D2398F2192C3}.Debug|Any CPU.ActiveCfg = Debug|Any CPU
		{D71697DF-05D4-481A-B320-D2398F2192C3}.Debug|Any CPU.Build.0 = Debug|Any CPU
		{D71697DF-05D4-481A-B320-D2398F2192C3}.Release|Any CPU.ActiveCfg = Release|Any CPU
		{D71697DF-05D4-481A-B320-D2398F2192C3}.Release|Any CPU.Build.0 = Release|Any CPU
		{B109EBAE-BB08-40A7-BB9E-7E56B9151B17}.Debug|Any CPU.ActiveCfg = Debug|Any CPU
		{B109EBAE-BB08-40A7-BB9E-7E56B9151B17}.Debug|Any CPU.Build.0 = Debug|Any CPU
		{B109EBAE-BB08-40A7-BB9E-7E56B9151B17}.Release|Any CPU.ActiveCfg = Release|Any CPU
		{B109EBAE-BB08-40A7-BB9E-7E56B9151B17}.Release|Any CPU.Build.0 = Release|Any CPU
		{1B5BADAA-EA40-47B0-A4BF-C5D39FB237EC}.Debug|Any CPU.ActiveCfg = Debug|Any CPU
		{1B5BADAA-EA40-47B0-A4BF-C5D39FB237EC}.Debug|Any CPU.Build.0 = Debug|Any CPU
		{1B5BADAA-EA40-47B0-A4BF-C5D39FB237EC}.Release|Any CPU.ActiveCfg = Release|Any CPU
		{1B5BADAA-EA40-47B0-A4BF-C5D39FB237EC}.Release|Any CPU.Build.0 = Release|Any CPU
		{42E9198C-ED2C-4BC8-B0A1-55D91D8F1E90}.Debug|Any CPU.ActiveCfg = Debug|Any CPU
		{42E9198C-ED2C-4BC8-B0A1-55D91D8F1E90}.Debug|Any CPU.Build.0 = Debug|Any CPU
		{42E9198C-ED2C-4BC8-B0A1-55D91D8F1E90}.Release|Any CPU.ActiveCfg = Release|Any CPU
		{42E9198C-ED2C-4BC8-B0A1-55D91D8F1E90}.Release|Any CPU.Build.0 = Release|Any CPU
		{8AB4CB8E-E216-425D-B600-350D0B6B59CD}.Debug|Any CPU.ActiveCfg = Debug|Any CPU
		{8AB4CB8E-E216-425D-B600-350D0B6B59CD}.Debug|Any CPU.Build.0 = Debug|Any CPU
		{8AB4CB8E-E216-425D-B600-350D0B6B59CD}.Release|Any CPU.ActiveCfg = Release|Any CPU
		{8AB4CB8E-E216-425D-B600-350D0B6B59CD}.Release|Any CPU.Build.0 = Release|Any CPU
		{A247D2EE-14FC-463D-A9BA-6CFF1EF22B7A}.Debug|Any CPU.ActiveCfg = Debug|Any CPU
		{A247D2EE-14FC-463D-A9BA-6CFF1EF22B7A}.Debug|Any CPU.Build.0 = Debug|Any CPU
		{A247D2EE-14FC-463D-A9BA-6CFF1EF22B7A}.Release|Any CPU.ActiveCfg = Release|Any CPU
		{A247D2EE-14FC-463D-A9BA-6CFF1EF22B7A}.Release|Any CPU.Build.0 = Release|Any CPU
		{E16F908B-C338-4B0C-9E72-2ADAD8FB98D5}.Debug|Any CPU.ActiveCfg = Debug|Any CPU
		{E16F908B-C338-4B0C-9E72-2ADAD8FB98D5}.Debug|Any CPU.Build.0 = Debug|Any CPU
		{E16F908B-C338-4B0C-9E72-2ADAD8FB98D5}.Release|Any CPU.ActiveCfg = Release|Any CPU
		{E16F908B-C338-4B0C-9E72-2ADAD8FB98D5}.Release|Any CPU.Build.0 = Release|Any CPU
		{7543AFCB-F5AF-44AF-83C9-23164474C1E9}.Debug|Any CPU.ActiveCfg = Debug|Any CPU
		{7543AFCB-F5AF-44AF-83C9-23164474C1E9}.Debug|Any CPU.Build.0 = Debug|Any CPU
		{7543AFCB-F5AF-44AF-83C9-23164474C1E9}.Release|Any CPU.ActiveCfg = Release|Any CPU
		{7543AFCB-F5AF-44AF-83C9-23164474C1E9}.Release|Any CPU.Build.0 = Release|Any CPU
		{C2A3557B-CC0B-4291-8AAE-2C7FF44833E9}.Debug|Any CPU.ActiveCfg = Debug|Any CPU
		{C2A3557B-CC0B-4291-8AAE-2C7FF44833E9}.Debug|Any CPU.Build.0 = Debug|Any CPU
		{C2A3557B-CC0B-4291-8AAE-2C7FF44833E9}.Release|Any CPU.ActiveCfg = Release|Any CPU
		{C2A3557B-CC0B-4291-8AAE-2C7FF44833E9}.Release|Any CPU.Build.0 = Release|Any CPU
	EndGlobalSection
	GlobalSection(SolutionProperties) = preSolution
		HideSolutionNode = FALSE
	EndGlobalSection
	GlobalSection(NestedProjects) = preSolution
		{D7601329-530D-4537-B9B9-D9D53D5F81F6} = {A579C6F2-2C5F-4176-BEAE-0D1BD0750375}
		{5A647CC0-5FD8-476B-8C14-8A9CED9CF5BE} = {A579C6F2-2C5F-4176-BEAE-0D1BD0750375}
		{92AE819B-4938-4502-AC32-67063F9893CD} = {A579C6F2-2C5F-4176-BEAE-0D1BD0750375}
		{F5E8F2E9-CE85-489F-87D7-523060BCF823} = {A579C6F2-2C5F-4176-BEAE-0D1BD0750375}
		{D71697DF-05D4-481A-B320-D2398F2192C3} = {A579C6F2-2C5F-4176-BEAE-0D1BD0750375}
		{B109EBAE-BB08-40A7-BB9E-7E56B9151B17} = {A579C6F2-2C5F-4176-BEAE-0D1BD0750375}
		{1B5BADAA-EA40-47B0-A4BF-C5D39FB237EC} = {A579C6F2-2C5F-4176-BEAE-0D1BD0750375}
		{42E9198C-ED2C-4BC8-B0A1-55D91D8F1E90} = {04A2AED8-1959-43CD-BCC1-B25F43D9C91D}
		{8AB4CB8E-E216-425D-B600-350D0B6B59CD} = {04A2AED8-1959-43CD-BCC1-B25F43D9C91D}
		{A247D2EE-14FC-463D-A9BA-6CFF1EF22B7A} = {04A2AED8-1959-43CD-BCC1-B25F43D9C91D}
		{E16F908B-C338-4B0C-9E72-2ADAD8FB98D5} = {04A2AED8-1959-43CD-BCC1-B25F43D9C91D}
		{7543AFCB-F5AF-44AF-83C9-23164474C1E9} = {F8ADA46B-F2EA-42D3-8860-06D9333E57E0}
		{C2A3557B-CC0B-4291-8AAE-2C7FF44833E9} = {A579C6F2-2C5F-4176-BEAE-0D1BD0750375}
	EndGlobalSection
EndGlobal
