
Microsoft Visual Studio Solution File, Format Version 12.00
# Visual Studio 15
VisualStudioVersion = 15.0.26730.10
MinimumVisualStudioVersion = 10.0.40219.1
Project("{2150E333-8FDC-42A3-9474-1A3956D46DE8}") = "SampleLibraries", "SampleLibraries", "{04A2AED8-1959-43CD-BCC1-B25F43D9C91D}"
EndProject
Project("{2150E333-8FDC-42A3-9474-1A3956D46DE8}") = "Stack", "Stack", "{F8ADA46B-F2EA-42D3-8860-06D9333E57E0}"
EndProject
Project("{FAE04EC0-301F-11D3-BF4B-00C04F79EFBC}") = "UA Client Library", "SampleApplications\SampleLibraries\Client\UA Client Library.csproj", "{42E9198C-ED2C-4BC8-B0A1-55D91D8F1E90}"
EndProject
Project("{FAE04EC0-301F-11D3-BF4B-00C04F79EFBC}") = "UA Configuration Library", "SampleApplications\SampleLibraries\Configuration\UA Configuration Library.csproj", "{8AB4CB8E-E216-425D-B600-350D0B6B59CD}"
EndProject
Project("{FAE04EC0-301F-11D3-BF4B-00C04F79EFBC}") = "UA Client Controls", "SampleApplications\SampleLibraries\Controls\UA Client Controls.csproj", "{A247D2EE-14FC-463D-A9BA-6CFF1EF22B7A}"
EndProject
Project("{FAE04EC0-301F-11D3-BF4B-00C04F79EFBC}") = "UA Server Library", "SampleApplications\SampleLibraries\Server\UA Server Library.csproj", "{E16F908B-C338-4B0C-9E72-2ADAD8FB98D5}"
EndProject
Project("{FAE04EC0-301F-11D3-BF4B-00C04F79EFBC}") = "UA Core Library", "Stack\Core\UA Core Library.csproj", "{7543AFCB-F5AF-44AF-83C9-23164474C1E9}"
EndProject
Project("{FAE04EC0-301F-11D3-BF4B-00C04F79EFBC}") = "TestConsoleServer", "Ecc\TestConsoleServer\TestConsoleServer.csproj", "{A4B9C350-C6BE-4752-8E2C-BC81F3F30841}"
EndProject
Project("{FAE04EC0-301F-11D3-BF4B-00C04F79EFBC}") = "TestConsoleClient", "Ecc\TestConsoleClient\TestConsoleClient.csproj", "{571329F6-0EB6-497D-85B0-60C3BC21AFB3}"
EndProject
Global
	GlobalSection(SolutionConfigurationPlatforms) = preSolution
		Debug|Any CPU = Debug|Any CPU
		Debug|x64 = Debug|x64
		Debug|x86 = Debug|x86
		Release|Any CPU = Release|Any CPU
		Release|x64 = Release|x64
		Release|x86 = Release|x86
	EndGlobalSection
	GlobalSection(ProjectConfigurationPlatforms) = postSolution
		{42E9198C-ED2C-4BC8-B0A1-55D91D8F1E90}.Debug|Any CPU.ActiveCfg = Debug|Any CPU
		{42E9198C-ED2C-4BC8-B0A1-55D91D8F1E90}.Debug|Any CPU.Build.0 = Debug|Any CPU
		{42E9198C-ED2C-4BC8-B0A1-55D91D8F1E90}.Debug|x64.ActiveCfg = Debug|Any CPU
		{42E9198C-ED2C-4BC8-B0A1-55D91D8F1E90}.Debug|x64.Build.0 = Debug|Any CPU
		{42E9198C-ED2C-4BC8-B0A1-55D91D8F1E90}.Debug|x86.ActiveCfg = Debug|Any CPU
		{42E9198C-ED2C-4BC8-B0A1-55D91D8F1E90}.Debug|x86.Build.0 = Debug|Any CPU
		{42E9198C-ED2C-4BC8-B0A1-55D91D8F1E90}.Release|Any CPU.ActiveCfg = Release|Any CPU
		{42E9198C-ED2C-4BC8-B0A1-55D91D8F1E90}.Release|Any CPU.Build.0 = Release|Any CPU
		{42E9198C-ED2C-4BC8-B0A1-55D91D8F1E90}.Release|x64.ActiveCfg = Release|Any CPU
		{42E9198C-ED2C-4BC8-B0A1-55D91D8F1E90}.Release|x64.Build.0 = Release|Any CPU
		{42E9198C-ED2C-4BC8-B0A1-55D91D8F1E90}.Release|x86.ActiveCfg = Release|Any CPU
		{42E9198C-ED2C-4BC8-B0A1-55D91D8F1E90}.Release|x86.Build.0 = Release|Any CPU
		{8AB4CB8E-E216-425D-B600-350D0B6B59CD}.Debug|Any CPU.ActiveCfg = Debug|Any CPU
		{8AB4CB8E-E216-425D-B600-350D0B6B59CD}.Debug|Any CPU.Build.0 = Debug|Any CPU
		{8AB4CB8E-E216-425D-B600-350D0B6B59CD}.Debug|x64.ActiveCfg = Debug|Any CPU
		{8AB4CB8E-E216-425D-B600-350D0B6B59CD}.Debug|x64.Build.0 = Debug|Any CPU
		{8AB4CB8E-E216-425D-B600-350D0B6B59CD}.Debug|x86.ActiveCfg = Debug|Any CPU
		{8AB4CB8E-E216-425D-B600-350D0B6B59CD}.Debug|x86.Build.0 = Debug|Any CPU
		{8AB4CB8E-E216-425D-B600-350D0B6B59CD}.Release|Any CPU.ActiveCfg = Release|Any CPU
		{8AB4CB8E-E216-425D-B600-350D0B6B59CD}.Release|Any CPU.Build.0 = Release|Any CPU
		{8AB4CB8E-E216-425D-B600-350D0B6B59CD}.Release|x64.ActiveCfg = Release|Any CPU
		{8AB4CB8E-E216-425D-B600-350D0B6B59CD}.Release|x64.Build.0 = Release|Any CPU
		{8AB4CB8E-E216-425D-B600-350D0B6B59CD}.Release|x86.ActiveCfg = Release|Any CPU
		{8AB4CB8E-E216-425D-B600-350D0B6B59CD}.Release|x86.Build.0 = Release|Any CPU
		{A247D2EE-14FC-463D-A9BA-6CFF1EF22B7A}.Debug|Any CPU.ActiveCfg = Debug|Any CPU
		{A247D2EE-14FC-463D-A9BA-6CFF1EF22B7A}.Debug|Any CPU.Build.0 = Debug|Any CPU
		{A247D2EE-14FC-463D-A9BA-6CFF1EF22B7A}.Debug|x64.ActiveCfg = Debug|Any CPU
		{A247D2EE-14FC-463D-A9BA-6CFF1EF22B7A}.Debug|x64.Build.0 = Debug|Any CPU
		{A247D2EE-14FC-463D-A9BA-6CFF1EF22B7A}.Debug|x86.ActiveCfg = Debug|Any CPU
		{A247D2EE-14FC-463D-A9BA-6CFF1EF22B7A}.Debug|x86.Build.0 = Debug|Any CPU
		{A247D2EE-14FC-463D-A9BA-6CFF1EF22B7A}.Release|Any CPU.ActiveCfg = Release|Any CPU
		{A247D2EE-14FC-463D-A9BA-6CFF1EF22B7A}.Release|Any CPU.Build.0 = Release|Any CPU
		{A247D2EE-14FC-463D-A9BA-6CFF1EF22B7A}.Release|x64.ActiveCfg = Release|Any CPU
		{A247D2EE-14FC-463D-A9BA-6CFF1EF22B7A}.Release|x64.Build.0 = Release|Any CPU
		{A247D2EE-14FC-463D-A9BA-6CFF1EF22B7A}.Release|x86.ActiveCfg = Release|Any CPU
		{A247D2EE-14FC-463D-A9BA-6CFF1EF22B7A}.Release|x86.Build.0 = Release|Any CPU
		{E16F908B-C338-4B0C-9E72-2ADAD8FB98D5}.Debug|Any CPU.ActiveCfg = Debug|Any CPU
		{E16F908B-C338-4B0C-9E72-2ADAD8FB98D5}.Debug|Any CPU.Build.0 = Debug|Any CPU
		{E16F908B-C338-4B0C-9E72-2ADAD8FB98D5}.Debug|x64.ActiveCfg = Debug|Any CPU
		{E16F908B-C338-4B0C-9E72-2ADAD8FB98D5}.Debug|x64.Build.0 = Debug|Any CPU
		{E16F908B-C338-4B0C-9E72-2ADAD8FB98D5}.Debug|x86.ActiveCfg = Debug|Any CPU
		{E16F908B-C338-4B0C-9E72-2ADAD8FB98D5}.Debug|x86.Build.0 = Debug|Any CPU
		{E16F908B-C338-4B0C-9E72-2ADAD8FB98D5}.Release|Any CPU.ActiveCfg = Release|Any CPU
		{E16F908B-C338-4B0C-9E72-2ADAD8FB98D5}.Release|Any CPU.Build.0 = Release|Any CPU
		{E16F908B-C338-4B0C-9E72-2ADAD8FB98D5}.Release|x64.ActiveCfg = Release|Any CPU
		{E16F908B-C338-4B0C-9E72-2ADAD8FB98D5}.Release|x64.Build.0 = Release|Any CPU
		{E16F908B-C338-4B0C-9E72-2ADAD8FB98D5}.Release|x86.ActiveCfg = Release|Any CPU
		{E16F908B-C338-4B0C-9E72-2ADAD8FB98D5}.Release|x86.Build.0 = Release|Any CPU
		{7543AFCB-F5AF-44AF-83C9-23164474C1E9}.Debug|Any CPU.ActiveCfg = Debug|Any CPU
		{7543AFCB-F5AF-44AF-83C9-23164474C1E9}.Debug|Any CPU.Build.0 = Debug|Any CPU
		{7543AFCB-F5AF-44AF-83C9-23164474C1E9}.Debug|x64.ActiveCfg = Debug|Any CPU
		{7543AFCB-F5AF-44AF-83C9-23164474C1E9}.Debug|x64.Build.0 = Debug|Any CPU
		{7543AFCB-F5AF-44AF-83C9-23164474C1E9}.Debug|x86.ActiveCfg = Debug|Any CPU
		{7543AFCB-F5AF-44AF-83C9-23164474C1E9}.Debug|x86.Build.0 = Debug|Any CPU
		{7543AFCB-F5AF-44AF-83C9-23164474C1E9}.Release|Any CPU.ActiveCfg = Release|Any CPU
		{7543AFCB-F5AF-44AF-83C9-23164474C1E9}.Release|Any CPU.Build.0 = Release|Any CPU
		{7543AFCB-F5AF-44AF-83C9-23164474C1E9}.Release|x64.ActiveCfg = Release|Any CPU
		{7543AFCB-F5AF-44AF-83C9-23164474C1E9}.Release|x64.Build.0 = Release|Any CPU
		{7543AFCB-F5AF-44AF-83C9-23164474C1E9}.Release|x86.ActiveCfg = Release|Any CPU
		{7543AFCB-F5AF-44AF-83C9-23164474C1E9}.Release|x86.Build.0 = Release|Any CPU
		{A4B9C350-C6BE-4752-8E2C-BC81F3F30841}.Debug|Any CPU.ActiveCfg = Debug|Any CPU
		{A4B9C350-C6BE-4752-8E2C-BC81F3F30841}.Debug|Any CPU.Build.0 = Debug|Any CPU
		{A4B9C350-C6BE-4752-8E2C-BC81F3F30841}.Debug|x64.ActiveCfg = Debug|Any CPU
		{A4B9C350-C6BE-4752-8E2C-BC81F3F30841}.Debug|x64.Build.0 = Debug|Any CPU
		{A4B9C350-C6BE-4752-8E2C-BC81F3F30841}.Debug|x86.ActiveCfg = Debug|Any CPU
		{A4B9C350-C6BE-4752-8E2C-BC81F3F30841}.Debug|x86.Build.0 = Debug|Any CPU
		{A4B9C350-C6BE-4752-8E2C-BC81F3F30841}.Release|Any CPU.ActiveCfg = Release|Any CPU
		{A4B9C350-C6BE-4752-8E2C-BC81F3F30841}.Release|Any CPU.Build.0 = Release|Any CPU
		{A4B9C350-C6BE-4752-8E2C-BC81F3F30841}.Release|x64.ActiveCfg = Release|Any CPU
		{A4B9C350-C6BE-4752-8E2C-BC81F3F30841}.Release|x64.Build.0 = Release|Any CPU
		{A4B9C350-C6BE-4752-8E2C-BC81F3F30841}.Release|x86.ActiveCfg = Release|Any CPU
		{A4B9C350-C6BE-4752-8E2C-BC81F3F30841}.Release|x86.Build.0 = Release|Any CPU
		{571329F6-0EB6-497D-85B0-60C3BC21AFB3}.Debug|Any CPU.ActiveCfg = Debug|Any CPU
		{571329F6-0EB6-497D-85B0-60C3BC21AFB3}.Debug|Any CPU.Build.0 = Debug|Any CPU
		{571329F6-0EB6-497D-85B0-60C3BC21AFB3}.Debug|x64.ActiveCfg = Debug|Any CPU
		{571329F6-0EB6-497D-85B0-60C3BC21AFB3}.Debug|x64.Build.0 = Debug|Any CPU
		{571329F6-0EB6-497D-85B0-60C3BC21AFB3}.Debug|x86.ActiveCfg = Debug|Any CPU
		{571329F6-0EB6-497D-85B0-60C3BC21AFB3}.Debug|x86.Build.0 = Debug|Any CPU
		{571329F6-0EB6-497D-85B0-60C3BC21AFB3}.Release|Any CPU.ActiveCfg = Release|Any CPU
		{571329F6-0EB6-497D-85B0-60C3BC21AFB3}.Release|Any CPU.Build.0 = Release|Any CPU
		{571329F6-0EB6-497D-85B0-60C3BC21AFB3}.Release|x64.ActiveCfg = Release|Any CPU
		{571329F6-0EB6-497D-85B0-60C3BC21AFB3}.Release|x64.Build.0 = Release|Any CPU
		{571329F6-0EB6-497D-85B0-60C3BC21AFB3}.Release|x86.ActiveCfg = Release|Any CPU
		{571329F6-0EB6-497D-85B0-60C3BC21AFB3}.Release|x86.Build.0 = Release|Any CPU
	EndGlobalSection
	GlobalSection(SolutionProperties) = preSolution
		HideSolutionNode = FALSE
	EndGlobalSection
	GlobalSection(NestedProjects) = preSolution
		{42E9198C-ED2C-4BC8-B0A1-55D91D8F1E90} = {04A2AED8-1959-43CD-BCC1-B25F43D9C91D}
		{8AB4CB8E-E216-425D-B600-350D0B6B59CD} = {04A2AED8-1959-43CD-BCC1-B25F43D9C91D}
		{A247D2EE-14FC-463D-A9BA-6CFF1EF22B7A} = {04A2AED8-1959-43CD-BCC1-B25F43D9C91D}
		{E16F908B-C338-4B0C-9E72-2ADAD8FB98D5} = {04A2AED8-1959-43CD-BCC1-B25F43D9C91D}
		{7543AFCB-F5AF-44AF-83C9-23164474C1E9} = {F8ADA46B-F2EA-42D3-8860-06D9333E57E0}
	EndGlobalSection
	GlobalSection(ExtensibilityGlobals) = postSolution
		SolutionGuid = {EB54C99C-0E49-467C-A348-103D1A0E83D8}
	EndGlobalSection
EndGlobal
