
Microsoft Visual Studio Solution File, Format Version 12.00
# Visual Studio 2013
VisualStudioVersion = 12.0.21005.1
MinimumVisualStudioVersion = 10.0.40219.1
Project("{2150E333-8FDC-42A3-9474-1A3956D46DE8}") = "Solution Items", "Solution Items", "{03E9B5B5-3D12-4A58-B492-2550C1380DBC}"
	ProjectSection(SolutionItems) = preProject
		..\..\UAModelDesigner\PR32-ModelDesigner\ModelForHelp\Help.src\Contacts.xml = ..\..\UAModelDesigner\PR32-ModelDesigner\ModelForHelp\Help.src\Contacts.xml
		..\..\UAModelDesigner\PR32-ModelDesigner\ModelForHelp\Help.src\General References.xml = ..\..\UAModelDesigner\PR32-ModelDesigner\ModelForHelp\Help.src\General References.xml
	EndProjectSection
EndProject
Project("{FAE04EC0-301F-11D3-BF4B-00C04F79EFBC}") = "Content", "Content.maml\Content.csproj", "{2C3AF8D3-91FE-4365-A1EA-4C73ECE71041}"
EndProject
Project("{FAE04EC0-301F-11D3-BF4B-00C04F79EFBC}") = "Templates", "Templates.maml\Templates.csproj", "{BFF50128-D4A8-4C98-BB74-633D190C782E}"
EndProject
Global
	GlobalSection(SolutionConfigurationPlatforms) = preSolution
		Debug|Any CPU = Debug|Any CPU
		Release|Any CPU = Release|Any CPU
	EndGlobalSection
	GlobalSection(ProjectConfigurationPlatforms) = postSolution
		{2C3AF8D3-91FE-4365-A1EA-4C73ECE71041}.Debug|Any CPU.ActiveCfg = Debug|Any CPU
		{2C3AF8D3-91FE-4365-A1EA-4C73ECE71041}.Debug|Any CPU.Build.0 = Debug|Any CPU
		{2C3AF8D3-91FE-4365-A1EA-4C73ECE71041}.Release|Any CPU.ActiveCfg = Release|Any CPU
		{2C3AF8D3-91FE-4365-A1EA-4C73ECE71041}.Release|Any CPU.Build.0 = Release|Any CPU
		{BFF50128-D4A8-4C98-BB74-633D190C782E}.Debug|Any CPU.ActiveCfg = Debug|Any CPU
		{BFF50128-D4A8-4C98-BB74-633D190C782E}.Debug|Any CPU.Build.0 = Debug|Any CPU
		{BFF50128-D4A8-4C98-BB74-633D190C782E}.Release|Any CPU.ActiveCfg = Release|Any CPU
		{BFF50128-D4A8-4C98-BB74-633D190C782E}.Release|Any CPU.Build.0 = Release|Any CPU
	EndGlobalSection
	GlobalSection(SolutionProperties) = preSolution
		HideSolutionNode = FALSE
	EndGlobalSection
EndGlobal
