
Microsoft Visual Studio Solution File, Format Version 12.00
# Visual Studio 2013
VisualStudioVersion = 12.0.21005.1
MinimumVisualStudioVersion = 10.0.40219.1
Project("{2150E333-8FDC-42A3-9474-1A3956D46DE8}") = "Solution Items", "Solution Items", "{1E156765-6AC9-47FC-A5A0-64D635CF81BC}"
	ProjectSection(SolutionItems) = preProject
		UA Simple WCF Applications Readme.htm = UA Simple WCF Applications Readme.htm
	EndProjectSection
EndProject
Project("{FAE04EC0-301F-11D3-BF4B-00C04F79EFBC}") = "Client", "Client\Client.csproj", "{85D20806-706C-45FA-94DA-2FF22E615E6F}"
EndProject
Project("{FAE04EC0-301F-11D3-BF4B-00C04F79EFBC}") = "Server", "Server\Server.csproj", "{2FDFC290-E47E-4E48-B6D4-FF53E7C8293E}"
EndProject
Project("{FAE04EC0-301F-11D3-BF4B-00C04F79EFBC}") = "Common", "Common\Common.csproj", "{477857DE-DE29-4187-8AF0-9BBF1CFEAE24}"
EndProject
Global
	GlobalSection(SolutionConfigurationPlatforms) = preSolution
		Debug|Any CPU = Debug|Any CPU
		Release|Any CPU = Release|Any CPU
	EndGlobalSection
	GlobalSection(ProjectConfigurationPlatforms) = postSolution
		{85D20806-706C-45FA-94DA-2FF22E615E6F}.Debug|Any CPU.ActiveCfg = Debug|Any CPU
		{85D20806-706C-45FA-94DA-2FF22E615E6F}.Debug|Any CPU.Build.0 = Debug|Any CPU
		{85D20806-706C-45FA-94DA-2FF22E615E6F}.Release|Any CPU.ActiveCfg = Release|Any CPU
		{85D20806-706C-45FA-94DA-2FF22E615E6F}.Release|Any CPU.Build.0 = Release|Any CPU
		{2FDFC290-E47E-4E48-B6D4-FF53E7C8293E}.Debug|Any CPU.ActiveCfg = Debug|Any CPU
		{2FDFC290-E47E-4E48-B6D4-FF53E7C8293E}.Debug|Any CPU.Build.0 = Debug|Any CPU
		{2FDFC290-E47E-4E48-B6D4-FF53E7C8293E}.Release|Any CPU.ActiveCfg = Release|Any CPU
		{2FDFC290-E47E-4E48-B6D4-FF53E7C8293E}.Release|Any CPU.Build.0 = Release|Any CPU
		{477857DE-DE29-4187-8AF0-9BBF1CFEAE24}.Debug|Any CPU.ActiveCfg = Debug|Any CPU
		{477857DE-DE29-4187-8AF0-9BBF1CFEAE24}.Debug|Any CPU.Build.0 = Debug|Any CPU
		{477857DE-DE29-4187-8AF0-9BBF1CFEAE24}.Release|Any CPU.ActiveCfg = Release|Any CPU
		{477857DE-DE29-4187-8AF0-9BBF1CFEAE24}.Release|Any CPU.Build.0 = Release|Any CPU
	EndGlobalSection
	GlobalSection(SolutionProperties) = preSolution
		HideSolutionNode = FALSE
	EndGlobalSection
EndGlobal
